{
  "version": 1,
  "dependencies": {
    "net10.0": {
      "Spectre.Console": {
        "type": "Direct",
        "requested": "[0.55.2, )",
        "resolved": "0.55.2",
        "contentHash": "yc0g12YJpmZHofGJLTQX02/uqfzJ6XHRx6pe9rANNjleQptXMHPxD9KI2/DWkXiJWddc+4oizEdGox15c89hhw==",
        "dependencies": {
          "Spectre.Console.Ansi": "0.55.2"
        }
      },
      "System.CommandLine": {
        "type": "Direct",
        "requested": "[2.0.7, )",
        "resolved": "2.0.7",
        "contentHash": "ih4yNLLF2Ebz85xJJBaPeddLa4d1AekYId7Y1g8oSsEaBHHd/CtyeBJ+tDvQadqeXz7i591K5ry/td+4aaHnQA=="
      },
      "Fluid.Core": {
        "type": "Transitive",
        "resolved": "2.31.0",
        "contentHash": "HowYbawChrOQLgbezHp/pKY3TUdkNwrpz4CE9z2QHvx4769JXP5IjurpoPGFfz+73RcxxC04niukIXjygAYIzw==",
        "dependencies": {
          "Microsoft.Extensions.FileProviders.Abstractions": "9.0.0",
          "Parlot": "1.5.2",
          "TimeZoneConverter": "7.2.0"
        }
      },
      "Json.More.Net": {
        "type": "Transitive",
        "resolved": "3.0.1",
        "contentHash": "fRctF2J2SILYG6wqP21drmeEODmCVkVQ/b3MndDu2fT1swfySyUgq7ePCk+aENGlDcIm05fyfjh9vcuqDEfv3w=="
      },
      "JsonPath.Net": {
        "type": "Transitive",
        "resolved": "3.0.2",
        "contentHash": "Cmt2mvPYOLljjqSfM1xUYZYTPf8MPbwv2XpCpPxxq9u23/CGrz/fljgd1fJUNujd3+E1adNOyF1TLwppbyQwxg==",
        "dependencies": {
          "Json.More.Net": "3.0.1"
        }
      },
      "Microsoft.Extensions.FileProviders.Abstractions": {
        "type": "Transitive",
        "resolved": "9.0.0",
        "contentHash": "uK439QzYR0q2emLVtYzwyK3x+T5bTY4yWsd/k/ZUS9LR6Sflp8MIdhGXW8kQCd86dQD4tLqvcbLkku8qHY263Q==",
        "dependencies": {
          "Microsoft.Extensions.Primitives": "9.0.0"
        }
      },
      "Microsoft.Extensions.Primitives": {
        "type": "Transitive",
        "resolved": "9.0.0",
        "contentHash": "N3qEBzmLMYiASUlKxxFIISP4AiwuPTHF5uCh+2CWSwwzAJiIYx0kBJsS30cp1nvhSySFAVi30jecD307jV+8Kg=="
      },
      "Parlot": {
        "type": "Transitive",
        "resolved": "1.5.2",
        "contentHash": "idEOR6WU8WvnaDhFcj9PkWv8r/Actca8KfV9kw94//QEC0iQJVB9w/Z4ZLY8LxwSVMuNPuuLB649kCcVb+HrLw=="
      },
      "Spectre.Console.Ansi": {
        "type": "Transitive",
        "resolved": "0.55.2",
        "contentHash": "tN3KEJQQZwLW9HJnG5YTSAxfBwxsmg1wVuGvhGG2rM+pbl+NGaHU8pDcNofPlOXlgpkbpBMxI5t9o9qPfy3sHQ=="
      },
      "TimeZoneConverter": {
        "type": "Transitive",
        "resolved": "7.2.0",
        "contentHash": "4Poqu79dTmacVETqUJ53g3x4U21V/cmWPSlehdsVE4Q00akavvlRq+SRjcg/CmfO9ibOCjRl6TeUV7hkC5RC4w=="
      },
      "cep": {
        "type": "Project"
      },
      "cepmessageformats": {
        "type": "Project",
        "dependencies": {
          "Cep": "[1.0.0, )"
        }
      },
      "httpmessageformats": {
        "type": "Project"
      },
      "mcf": {
        "type": "Project",
        "dependencies": {
          "CepMessageFormats": "[1.0.0, )",
          "Fluid.Core": "[2.31.0, )",
          "HttpMessageFormats": "[1.0.0, )",
          "JsonPath.Net": "[3.0.2, )"
        }
      }
    }
  }
}